
Microsoft Visual Studio Solution File, Format Version 12.00
# Visual Studio 15
VisualStudioVersion = 15.0.27130.2010
MinimumVisualStudioVersion = 10.0.40219.1
Project("{FAE04EC0-301F-11D3-BF4B-00C04F79EFBC}") = "ConexionBD2", "ConexionBD2\ConexionBD2.csproj", "{BBD46435-AEA9-44AD-A5E6-1E08F16A8E7A}"
EndProject
Global
	GlobalSection(SolutionConfigurationPlatforms) = preSolution
		Debug|Any CPU = Debug|Any CPU
		Release|Any CPU = Release|Any CPU
	EndGlobalSection
	GlobalSection(ProjectConfigurationPlatforms) = postSolution
		{BBD46435-AEA9-44AD-A5E6-1E08F16A8E7A}.Debug|Any CPU.ActiveCfg = Debug|Any CPU
		{BBD46435-AEA9-44AD-A5E6-1E08F16A8E7A}.Debug|Any CPU.Build.0 = Debug|Any CPU
		{BBD46435-AEA9-44AD-A5E6-1E08F16A8E7A}.Release|Any CPU.ActiveCfg = Release|Any CPU
		{BBD46435-AEA9-44AD-A5E6-1E08F16A8E7A}.Release|Any CPU.Build.0 = Release|Any CPU
	EndGlobalSection
	GlobalSection(SolutionProperties) = preSolution
		HideSolutionNode = FALSE
	EndGlobalSection
	GlobalSection(ExtensibilityGlobals) = postSolution
		SolutionGuid = {77102963-E27D-4122-9023-229EFD8C984D}
	EndGlobalSection
EndGlobal
